
Microsoft Visual Studio Solution File, Format Version 12.00
# Visual Studio Version 17
VisualStudioVersion = 17.5.33530.505
MinimumVisualStudioVersion = 10.0.40219.1
Project("{FAE04EC0-301F-11D3-BF4B-00C04F79EFBC}") = "Coin Toss", "Coin Toss.csproj", "{1C5D4755-FCC0-47D2-872B-9EB55A5D7E5B}"
EndProject
Global
	GlobalSection(SolutionConfigurationPlatforms) = preSolution
		Debug|Any CPU = Debug|Any CPU
		Release|Any CPU = Release|Any CPU
	EndGlobalSection
	GlobalSection(ProjectConfigurationPlatforms) = postSolution
		{1C5D4755-FCC0-47D2-872B-9EB55A5D7E5B}.Debug|Any CPU.ActiveCfg = Debug|Any CPU
		{1C5D4755-FCC0-47D2-872B-9EB55A5D7E5B}.Debug|Any CPU.Build.0 = Debug|Any CPU
		{1C5D4755-FCC0-47D2-872B-9EB55A5D7E5B}.Release|Any CPU.ActiveCfg = Release|Any CPU
		{1C5D4755-FCC0-47D2-872B-9EB55A5D7E5B}.Release|Any CPU.Build.0 = Release|Any CPU
	EndGlobalSection
	GlobalSection(SolutionProperties) = preSolution
		HideSolutionNode = FALSE
	EndGlobalSection
	GlobalSection(ExtensibilityGlobals) = postSolution
		SolutionGuid = {BCC01EFC-1E97-4021-B35F-1A2C0A52412E}
	EndGlobalSection
EndGlobal
